{
	"requires": true,
	"lockfileVersion": 1,
	"dependencies": {
		"@beyond-life/lowbar": {
			"version": "0.1.1",
			"resolved": "https://registry.npmjs.org/@beyond-life/lowbar/-/lowbar-0.1.1.tgz",
			"integrity": "sha512-z+dbfE1MMfbGjD/Keo0OQHh6+OQYQYltanGZgPeJaUWVGLEKYK1RZXhq8FIcbsKTOv9bmycyc45gZxXTzVQHMg=="
		}
	}
}
