{
    "name": "@escastist/lowbar-sturm",
    "version": "0.1.0",
    "lockfileVersion": 1,
    "requires": true,
    "dependencies": {
        "@types/zen-observable": {
            "version": "0.5.3",
            "resolved": "https://registry.npmjs.org/@types/zen-observable/-/zen-observable-0.5.3.tgz",
            "integrity": "sha512-aDvGDAHcVfUqNmd8q4//cHAP+HGxsbChbBbuk3+kMVk5TTxfWLpQWvVN3+UPjohLnwMYN7jr6BWNn2cYNqdm7g==",
            "dev": true
        },
        "zen-observable": {
            "version": "0.8.8",
            "resolved": "https://registry.npmjs.org/zen-observable/-/zen-observable-0.8.8.tgz",
            "integrity": "sha512-HnhhyNnwTFzS48nihkCZIJGsWGFcYUz+XPDlPK5W84Ifji8SksC6m7sQWOf8zdCGhzQ4tDYuMYGu5B0N1dXTtg=="
        }
    }
}
